
Microsoft Visual Studio Solution File, Format Version 12.00
# Visual Studio 15
VisualStudioVersion = 15.0.28307.960
MinimumVisualStudioVersion = 10.0.40219.1
Project("{8BC9CEB8-8B4A-11D0-8D11-00A0C91BC942}") = "GameServer", "GameServer\GameServer.vcxproj", "{B1CD7643-64C9-4EF3-97BF-D0B2D25E7288}"
EndProject
Global
	GlobalSection(SolutionConfigurationPlatforms) = preSolution
		Debug|x64 = Debug|x64
		Debug|x86 = Debug|x86
		Release|x64 = Release|x64
		Release|x86 = Release|x86
	EndGlobalSection
	GlobalSection(ProjectConfigurationPlatforms) = postSolution
		{B1CD7643-64C9-4EF3-97BF-D0B2D25E7288}.Debug|x64.ActiveCfg = Debug|x64
		{B1CD7643-64C9-4EF3-97BF-D0B2D25E7288}.Debug|x64.Build.0 = Debug|x64
		{B1CD7643-64C9-4EF3-97BF-D0B2D25E7288}.Debug|x86.ActiveCfg = Debug|Win32
		{B1CD7643-64C9-4EF3-97BF-D0B2D25E7288}.Debug|x86.Build.0 = Debug|Win32
		{B1CD7643-64C9-4EF3-97BF-D0B2D25E7288}.Release|x64.ActiveCfg = Release|x64
		{B1CD7643-64C9-4EF3-97BF-D0B2D25E7288}.Release|x64.Build.0 = Release|x64
		{B1CD7643-64C9-4EF3-97BF-D0B2D25E7288}.Release|x86.ActiveCfg = Release|Win32
		{B1CD7643-64C9-4EF3-97BF-D0B2D25E7288}.Release|x86.Build.0 = Release|Win32
	EndGlobalSection
	GlobalSection(SolutionProperties) = preSolution
		HideSolutionNode = FALSE
	EndGlobalSection
	GlobalSection(ExtensibilityGlobals) = postSolution
		SolutionGuid = {23B7B39D-F73D-4190-ACA7-0CE4FB53A84D}
	EndGlobalSection
EndGlobal
